
Microsoft Visual Studio Solution File, Format Version 12.00
# Visual Studio Version 17
VisualStudioVersion = 17.10.34916.146
MinimumVisualStudioVersion = 10.0.40219.1
Project("{FAE04EC0-301F-11D3-BF4B-00C04F79EFBC}") = "OperationFlashPointVideoConfig", "OperationFlashPointVideoConfig\OperationFlashPointVideoConfig.csproj", "{5A307B25-3AF1-4119-B0C9-1DF4230F108F}"
EndProject
Global
	GlobalSection(SolutionConfigurationPlatforms) = preSolution
		Debug|Any CPU = Debug|Any CPU
		Release|Any CPU = Release|Any CPU
	EndGlobalSection
	GlobalSection(ProjectConfigurationPlatforms) = postSolution
		{5A307B25-3AF1-4119-B0C9-1DF4230F108F}.Debug|Any CPU.ActiveCfg = Debug|Any CPU
		{5A307B25-3AF1-4119-B0C9-1DF4230F108F}.Debug|Any CPU.Build.0 = Debug|Any CPU
		{5A307B25-3AF1-4119-B0C9-1DF4230F108F}.Release|Any CPU.ActiveCfg = Release|Any CPU
		{5A307B25-3AF1-4119-B0C9-1DF4230F108F}.Release|Any CPU.Build.0 = Release|Any CPU
	EndGlobalSection
	GlobalSection(SolutionProperties) = preSolution
		HideSolutionNode = FALSE
	EndGlobalSection
	GlobalSection(ExtensibilityGlobals) = postSolution
		SolutionGuid = {D842661A-B3FB-4AA1-B9DE-52F1D1C7A249}
	EndGlobalSection
EndGlobal
